
Microsoft Visual Studio Solution File, Format Version 12.00
# Visual Studio Version 16
VisualStudioVersion = 16.0.31624.102
MinimumVisualStudioVersion = 10.0.40219.1
Project("{FAE04EC0-301F-11D3-BF4B-00C04F79EFBC}") = "GVNClone", "GVNClone\GVNClone.csproj", "{893C00B7-EC27-47B8-88F2-42B1A94B2CED}"
EndProject
Project("{FAE04EC0-301F-11D3-BF4B-00C04F79EFBC}") = "Common", "Common\Common.csproj", "{3A9A53F5-AC28-404F-8194-9820312E2D19}"
EndProject
Global
	GlobalSection(SolutionConfigurationPlatforms) = preSolution
		Debug|Any CPU = Debug|Any CPU
		Release|Any CPU = Release|Any CPU
	EndGlobalSection
	GlobalSection(ProjectConfigurationPlatforms) = postSolution
		{893C00B7-EC27-47B8-88F2-42B1A94B2CED}.Debug|Any CPU.ActiveCfg = Debug|Any CPU
		{893C00B7-EC27-47B8-88F2-42B1A94B2CED}.Debug|Any CPU.Build.0 = Debug|Any CPU
		{893C00B7-EC27-47B8-88F2-42B1A94B2CED}.Release|Any CPU.ActiveCfg = Release|Any CPU
		{893C00B7-EC27-47B8-88F2-42B1A94B2CED}.Release|Any CPU.Build.0 = Release|Any CPU
		{3A9A53F5-AC28-404F-8194-9820312E2D19}.Debug|Any CPU.ActiveCfg = Debug|Any CPU
		{3A9A53F5-AC28-404F-8194-9820312E2D19}.Debug|Any CPU.Build.0 = Debug|Any CPU
		{3A9A53F5-AC28-404F-8194-9820312E2D19}.Release|Any CPU.ActiveCfg = Release|Any CPU
		{3A9A53F5-AC28-404F-8194-9820312E2D19}.Release|Any CPU.Build.0 = Release|Any CPU
	EndGlobalSection
	GlobalSection(SolutionProperties) = preSolution
		HideSolutionNode = FALSE
	EndGlobalSection
	GlobalSection(ExtensibilityGlobals) = postSolution
		SolutionGuid = {7560505D-BE99-43DA-9DEC-1CD1DF9BFF41}
	EndGlobalSection
EndGlobal
